
Microsoft Visual Studio Solution File, Format Version 12.00
# Visual Studio 15
VisualStudioVersion = 15.0.28010.2016
MinimumVisualStudioVersion = 10.0.40219.1
Project("{FAE04EC0-301F-11D3-BF4B-00C04F79EFBC}") = "WpfApp1", "WpfApp1\WpfApp1.csproj", "{4B38BF74-C7A4-4973-8978-43F53B3971DB}"
EndProject
Global
	GlobalSection(SolutionConfigurationPlatforms) = preSolution
		Debug|Any CPU = Debug|Any CPU
		Release|Any CPU = Release|Any CPU
	EndGlobalSection
	GlobalSection(ProjectConfigurationPlatforms) = postSolution
		{4B38BF74-C7A4-4973-8978-43F53B3971DB}.Debug|Any CPU.ActiveCfg = Debug|Any CPU
		{4B38BF74-C7A4-4973-8978-43F53B3971DB}.Debug|Any CPU.Build.0 = Debug|Any CPU
		{4B38BF74-C7A4-4973-8978-43F53B3971DB}.Release|Any CPU.ActiveCfg = Release|Any CPU
		{4B38BF74-C7A4-4973-8978-43F53B3971DB}.Release|Any CPU.Build.0 = Release|Any CPU
	EndGlobalSection
	GlobalSection(SolutionProperties) = preSolution
		HideSolutionNode = FALSE
	EndGlobalSection
	GlobalSection(ExtensibilityGlobals) = postSolution
		SolutionGuid = {F184C225-2C66-44A5-B7A6-8E6EA42CD54A}
	EndGlobalSection
EndGlobal
